// !$*UTF8*$!
{
	archiveVersion = 1;
	classes = {
	};
	objectVersion = 50;
	objects = {

/* Begin PBXBuildFile section */
		FA6F97A320CA7B030011F5DD /* AppDelegate.swift in Sources */ = {isa = PBXBuildFile; fileRef = FA6F97A220CA7B030011F5DD /* AppDelegate.swift */; };
		FA6F97A520CA7B030011F5DD /* ViewController.swift in Sources */ = {isa = PBXBuildFile; fileRef = FA6F97A420CA7B030011F5DD /* ViewController.swift */; };
		FA6F97A820CA7B030011F5DD /* Main.storyboard in Resources */ = {isa = PBXBuildFile; fileRef = FA6F97A620CA7B030011F5DD /* Main.storyboard */; };
		FA6F97AA20CA7B040011F5DD /* Assets.xcassets in Resources */ = {isa = PBXBuildFile; fileRef = FA6F97A920CA7B040011F5DD /* Assets.xcassets */; };
		FA6F97AD20CA7B040011F5DD /* LaunchScreen.storyboard in Resources */ = {isa = PBXBuildFile; fileRef = FA6F97AB20CA7B040011F5DD /* LaunchScreen.storyboard */; };
		FA6F97B520CB063A0011F5DD /* ImageViewController.swift in Sources */ = {isa = PBXBuildFile; fileRef = FA6F97B420CB063A0011F5DD /* ImageViewController.swift */; };
/* End PBXBuildFile section */

/* Begin PBXFileReference section */
		FA6F979F20CA7B030011F5DD /* IOS-Swift-VisionFaceDetection.app */ = {isa = PBXFileReference; explicitFileType = wrapper.application; includeInIndex = 0; path = "IOS-Swift-VisionFaceDetection.app"; sourceTree = BUILT_PRODUCTS_DIR; };
		FA6F97A220CA7B030011F5DD /* AppDelegate.swift */ = {isa = PBXFileReference; lastKnownFileType = sourcecode.swift; path = AppDelegate.swift; sourceTree = "<group>"; };
		FA6F97A420CA7B030011F5DD /* ViewController.swift */ = {isa = PBXFileReference; lastKnownFileType = sourcecode.swift; path = ViewController.swift; sourceTree = "<group>"; };
		FA6F97A720CA7B030011F5DD /* Base */ = {isa = PBXFileReference; lastKnownFileType = file.storyboard; name = Base; path = Base.lproj/Main.storyboard; sourceTree = "<group>"; };
		FA6F97A920CA7B040011F5DD /* Assets.xcassets */ = {isa = PBXFileReference; lastKnownFileType = folder.assetcatalog; path = Assets.xcassets; sourceTree = "<group>"; };
		FA6F97AC20CA7B040011F5DD /* Base */ = {isa = PBXFileReference; lastKnownFileType = file.storyboard; name = Base; path = Base.lproj/LaunchScreen.storyboard; sourceTree = "<group>"; };
		FA6F97AE20CA7B040011F5DD /* Info.plist */ = {isa = PBXFileReference; lastKnownFileType = text.plist.xml; path = Info.plist; sourceTree = "<group>"; };
		FA6F97B420CB063A0011F5DD /* ImageViewController.swift */ = {isa = PBXFileReference; lastKnownFileType = sourcecode.swift; path = ImageViewController.swift; sourceTree = "<group>"; };
/* End PBXFileReference section */

/* Begin PBXFrameworksBuildPhase section */
		FA6F979C20CA7B030011F5DD /* Frameworks */ = {
			isa = PBXFrameworksBuildPhase;
			buildActionMask = 2147483647;
			files = (
			);
			runOnlyForDeploymentPostprocessing = 0;
		};
/* End PBXFrameworksBuildPhase section */

/* Begin PBXGroup section */
		FA6F979620CA7B030011F5DD = {
			isa = PBXGroup;
			children = (
				FA6F97A120CA7B030011F5DD /* IOS-Swift-VisionFaceDetection */,
				FA6F97A020CA7B030011F5DD /* Products */,
			);
			sourceTree = "<group>";
		};
		FA6F97A020CA7B030011F5DD /* Products */ = {
			isa = PBXGroup;
			children = (
				FA6F979F20CA7B030011F5DD /* IOS-Swift-VisionFaceDetection.app */,
			);
			name = Products;
			sourceTree = "<group>";
		};
		FA6F97A120CA7B030011F5DD /* IOS-Swift-VisionFaceDetection */ = {
			isa = PBXGroup;
			children = (
				FA6F97A220CA7B030011F5DD /* AppDelegate.swift */,
				FA6F97B420CB063A0011F5DD /* ImageViewController.swift */,
				FA6F97A420CA7B030011F5DD /* ViewController.swift */,
				FA6F97A620CA7B030011F5DD /* Main.storyboard */,
				FA6F97A920CA7B040011F5DD /* Assets.xcassets */,
				FA6F97AB20CA7B040011F5DD /* LaunchScreen.storyboard */,
				FA6F97AE20CA7B040011F5DD /* Info.plist */,
			);
			path = "IOS-Swift-VisionFaceDetection";
			sourceTree = "<group>";
		};
/* End PBXGroup section */

/* Begin PBXNativeTarget section */
		FA6F979E20CA7B030011F5DD /* IOS-Swift-VisionFaceDetection */ = {
			isa = PBXNativeTarget;
			buildConfigurationList = FA6F97B120CA7B040011F5DD /* Build configuration list for PBXNativeTarget "IOS-Swift-VisionFaceDetection" */;
			buildPhases = (
				FA6F979B20CA7B030011F5DD /* Sources */,
				FA6F979C20CA7B030011F5DD /* Frameworks */,
				FA6F979D20CA7B030011F5DD /* Resources */,
			);
			buildRules = (
			);
			dependencies = (
			);
			name = "IOS-Swift-VisionFaceDetection";
			productName = "IOS-Swift-VisionFaceDetection";
			productReference = FA6F979F20CA7B030011F5DD /* IOS-Swift-VisionFaceDetection.app */;
			productType = "com.apple.product-type.application";
		};
/* End PBXNativeTarget section */

/* Begin PBXProject section */
		FA6F979720CA7B030011F5DD /* Project object */ = {
			isa = PBXProject;
			attributes = {
				LastSwiftUpdateCheck = 0930;
				LastUpgradeCheck = 0930;
				ORGANIZATIONNAME = Pooya;
				TargetAttributes = {
					FA6F979E20CA7B030011F5DD = {
						CreatedOnToolsVersion = 9.3.1;
					};
				};
			};
			buildConfigurationList = FA6F979A20CA7B030011F5DD /* Build configuration list for PBXProject "IOS-Swift-VisionFaceDetection" */;
			compatibilityVersion = "Xcode 9.3";
			developmentRegion = en;
			hasScannedForEncodings = 0;
			knownRegions = (
				en,
				Base,
			);
			mainGroup = FA6F979620CA7B030011F5DD;
			productRefGroup = FA6F97A020CA7B030011F5DD /* Products */;
			projectDirPath = "";
			projectRoot = "";
			targets = (
				FA6F979E20CA7B030011F5DD /* IOS-Swift-VisionFaceDetection */,
			);
		};
/* End PBXProject section */

/* Begin PBXResourcesBuildPhase section */
		FA6F979D20CA7B030011F5DD /* Resources */ = {
			isa = PBXResourcesBuildPhase;
			buildActionMask = 2147483647;
			files = (
				FA6F97AD20CA7B040011F5DD /* LaunchScreen.storyboard in Resources */,
				FA6F97AA20CA7B040011F5DD /* Assets.xcassets in Resources */,
				FA6F97A820CA7B030011F5DD /* Main.storyboard in Resources */,
			);
			runOnlyForDeploymentPostprocessing = 0;
		};
/* End PBXResourcesBuildPhase section */

/* Begin PBXSourcesBuildPhase section */
		FA6F979B20CA7B030011F5DD /* Sources */ = {
			isa = PBXSourcesBuildPhase;
			buildActionMask = 2147483647;
			files = (
				FA6F97A520CA7B030011F5DD /* ViewController.swift in Sources */,
				FA6F97B520CB063A0011F5DD /* ImageViewController.swift in Sources */,
				FA6F97A320CA7B030011F5DD /* AppDelegate.swift in Sources */,
			);
			runOnlyForDeploymentPostprocessing = 0;
		};
/* End PBXSourcesBuildPhase section */

/* Begin PBXVariantGroup section */
		FA6F97A620CA7B030011F5DD /* Main.storyboard */ = {
			isa = PBXVariantGroup;
			children = (
				FA6F97A720CA7B030011F5DD /* Base */,
			);
			name = Main.storyboard;
			sourceTree = "<group>";
		};
		FA6F97AB20CA7B040011F5DD /* LaunchScreen.storyboard */ = {
			isa = PBXVariantGroup;
			children = (
				FA6F97AC20CA7B040011F5DD /* Base */,
			);
			name = LaunchScreen.storyboard;
			sourceTree = "<group>";
		};
/* End PBXVariantGroup section */

/* Begin XCBuildConfiguration section */
		FA6F97AF20CA7B040011F5DD /* Debug */ = {
			isa = XCBuildConfiguration;
			buildSettings = {
				ALWAYS_SEARCH_USER_PATHS = NO;
				CLANG_ANALYZER_NONNULL = YES;
				CLANG_ANALYZER_NUMBER_OBJECT_CONVERSION = YES_AGGRESSIVE;
				CLANG_CXX_LANGUAGE_STANDARD = "gnu++14";
				CLANG_CXX_LIBRARY = "libc++";
				CLANG_ENABLE_MODULES = YES;
				CLANG_ENABLE_OBJC_ARC = YES;
				CLANG_ENABLE_OBJC_WEAK = YES;
				CLANG_WARN_BLOCK_CAPTURE_AUTORELEASING = YES;
				CLANG_WARN_BOOL_CONVERSION = YES;
				CLANG_WARN_COMMA = YES;
				CLANG_WARN_CONSTANT_CONVERSION = YES;
				CLANG_WARN_DEPRECATED_OBJC_IMPLEMENTATIONS = YES;
				CLANG_WARN_DIRECT_OBJC_ISA_USAGE = YES_ERROR;
				CLANG_WARN_DOCUMENTATION_COMMENTS = YES;
				CLANG_WARN_EMPTY_BODY = YES;
				CLANG_WARN_ENUM_CONVERSION = YES;
				CLANG_WARN_INFINITE_RECURSION = YES;
				CLANG_WARN_INT_CONVERSION = YES;
				CLANG_WARN_NON_LITERAL_NULL_CONVERSION = YES;
				CLANG_WARN_OBJC_IMPLICIT_RETAIN_SELF = YES;
				CLANG_WARN_OBJC_LITERAL_CONVERSION = YES;
				CLANG_WARN_OBJC_ROOT_CLASS = YES_ERROR;
				CLANG_WARN_RANGE_LOOP_ANALYSIS = YES;
				CLANG_WARN_STRICT_PROTOTYPES = YES;
				CLANG_WARN_SUSPICIOUS_MOVE = YES;
				CLANG_WARN_UNGUARDED_AVAILABILITY = YES_AGGRESSIVE;
				CLANG_WARN_UNREACHABLE_CODE = YES;
				CLANG_WARN__DUPLICATE_METHOD_MATCH = YES;
				CODE_SIGN_IDENTITY = "iPhone Developer";
				COPY_PHASE_STRIP = NO;
				DEBUG_INFORMATION_FORMAT = dwarf;
				ENABLE_STRICT_OBJC_MSGSEND = YES;
				ENABLE_TESTABILITY = YES;
				GCC_C_LANGUAGE_STANDARD = gnu11;
				GCC_DYNAMIC_NO_PIC = NO;
				GCC_NO_COMMON_BLOCKS = YES;
				GCC_OPTIMIZATION_LEVEL = 0;
				GCC_PREPROCESSOR_DEFINITIONS = (
					"DEBUG=1",
					"$(inherited)",
				);
				GCC_WARN_64_TO_32_BIT_CONVERSION = YES;
				GCC_WARN_ABOUT_RETURN_TYPE = YES_ERROR;
				GCC_WARN_UNDECLARED_SELECTOR = YES;
				GCC_WARN_UNINITIALIZED_AUTOS = YES_AGGRESSIVE;
				GCC_WARN_UNUSED_FUNCTION = YES;
				GCC_WARN_UNUSED_VARIABLE = YES;
				IPHONEOS_DEPLOYMENT_TARGET = 11.3;
				MTL_ENABLE_DEBUG_INFO = YES;
				ONLY_ACTIVE_ARCH = YES;
				SDKROOT = iphoneos;
				SWIFT_ACTIVE_COMPILATION_CONDITIONS = DEBUG;
				SWIFT_OPTIMIZATION_LEVEL = "-Onone";
			};
			name = Debug;
		};
		FA6F97B020CA7B040011F5DD /* Release */ = {
			isa = XCBuildConfiguration;
			buildSettings = {
				ALWAYS_SEARCH_USER_PATHS = NO;
				CLANG_ANALYZER_NONNULL = YES;
				CLANG_ANALYZER_NUMBER_OBJECT_CONVERSION = YES_AGGRESSIVE;
				CLANG_CXX_LANGUAGE_STANDARD = "gnu++14";
				CLANG_CXX_LIBRARY = "libc++";
				CLANG_ENABLE_MODULES = YES;
				CLANG_ENABLE_OBJC_ARC = YES;
				CLANG_ENABLE_OBJC_WEAK = YES;
				CLANG_WARN_BLOCK_CAPTURE_AUTORELEASING = YES;
				CLANG_WARN_BOOL_CONVERSION = YES;
				CLANG_WARN_COMMA = YES;
				CLANG_WARN_CONSTANT_CONVERSION = YES;
				CLANG_WARN_DEPRECATED_OBJC_IMPLEMENTATIONS = YES;
				CLANG_WARN_DIRECT_OBJC_ISA_USAGE = YES_ERROR;
				CLANG_WARN_DOCUMENTATION_COMMENTS = YES;
				CLANG_WARN_EMPTY_BODY = YES;
				CLANG_WARN_ENUM_CONVERSION = YES;
				CLANG_WARN_INFINITE_RECURSION = YES;
				CLANG_WARN_INT_CONVERSION = YES;
				CLANG_WARN_NON_LITERAL_NULL_CONVERSION = YES;
				CLANG_WARN_OBJC_IMPLICIT_RETAIN_SELF = YES;
				CLANG_WARN_OBJC_LITERAL_CONVERSION = YES;
				CLANG_WARN_OBJC_ROOT_CLASS = YES_ERROR;
				CLANG_WARN_RANGE_LOOP_ANALYSIS = YES;
				CLANG_WARN_STRICT_PROTOTYPES = YES;
				CLANG_WARN_SUSPICIOUS_MOVE = YES;
				CLANG_WARN_UNGUARDED_AVAILABILITY = YES_AGGRESSIVE;
				CLANG_WARN_UNREACHABLE_CODE = YES;
				CLANG_WARN__DUPLICATE_METHOD_MATCH = YES;
				CODE_SIGN_IDENTITY = "iPhone Developer";
				COPY_PHASE_STRIP = NO;
				DEBUG_INFORMATION_FORMAT = "dwarf-with-dsym";
				ENABLE_NS_ASSERTIONS = NO;
				ENABLE_STRICT_OBJC_MSGSEND = YES;
				GCC_C_LANGUAGE_STANDARD = gnu11;
				GCC_NO_COMMON_BLOCKS = YES;
				GCC_WARN_64_TO_32_BIT_CONVERSION = YES;
				GCC_WARN_ABOUT_RETURN_TYPE = YES_ERROR;
				GCC_WARN_UNDECLARED_SELECTOR = YES;
				GCC_WARN_UNINITIALIZED_AUTOS = YES_AGGRESSIVE;
				GCC_WARN_UNUSED_FUNCTION = YES;
				GCC_WARN_UNUSED_VARIABLE = YES;
				IPHONEOS_DEPLOYMENT_TARGET = 11.3;
				MTL_ENABLE_DEBUG_INFO = NO;
				SDKROOT = iphoneos;
				SWIFT_COMPILATION_MODE = wholemodule;
				SWIFT_OPTIMIZATION_LEVEL = "-O";
				VALIDATE_PRODUCT = YES;
			};
			name = Release;
		};
		FA6F97B220CA7B040011F5DD /* Debug */ = {
			isa = XCBuildConfiguration;
			buildSettings = {
				ASSETCATALOG_COMPILER_APPICON_NAME = AppIcon;
				CODE_SIGN_STYLE = Automatic;
				INFOPLIST_FILE = "IOS-Swift-VisionFaceDetection/Info.plist";
				LD_RUNPATH_SEARCH_PATHS = (
					"$(inherited)",
					"@executable_path/Frameworks",
				);
				PRODUCT_BUNDLE_IDENTIFIER = "com.pooya.brain.dev.IOS-Swift-VisionFaceDetection";
				PRODUCT_NAME = "$(TARGET_NAME)";
				SWIFT_VERSION = 4.0;
				TARGETED_DEVICE_FAMILY = "1,2";
			};
			name = Debug;
		};
		FA6F97B320CA7B040011F5DD /* Release */ = {
			isa = XCBuildConfiguration;
			buildSettings = {
				ASSETCATALOG_COMPILER_APPICON_NAME = AppIcon;
				CODE_SIGN_STYLE = Automatic;
				INFOPLIST_FILE = "IOS-Swift-VisionFaceDetection/Info.plist";
				LD_RUNPATH_SEARCH_PATHS = (
					"$(inherited)",
					"@executable_path/Frameworks",
				);
				PRODUCT_BUNDLE_IDENTIFIER = "com.pooya.brain.dev.IOS-Swift-VisionFaceDetection";
				PRODUCT_NAME = "$(TARGET_NAME)";
				SWIFT_VERSION = 4.0;
				TARGETED_DEVICE_FAMILY = "1,2";
			};
			name = Release;
		};
/* End XCBuildConfiguration section */

/* Begin XCConfigurationList section */
		FA6F979A20CA7B030011F5DD /* Build configuration list for PBXProject "IOS-Swift-VisionFaceDetection" */ = {
			isa = XCConfigurationList;
			buildConfigurations = (
				FA6F97AF20CA7B040011F5DD /* Debug */,
				FA6F97B020CA7B040011F5DD /* Release */,
			);
			defaultConfigurationIsVisible = 0;
			defaultConfigurationName = Release;
		};
		FA6F97B120CA7B040011F5DD /* Build configuration list for PBXNativeTarget "IOS-Swift-VisionFaceDetection" */ = {
			isa = XCConfigurationList;
			buildConfigurations = (
				FA6F97B220CA7B040011F5DD /* Debug */,
				FA6F97B320CA7B040011F5DD /* Release */,
			);
			defaultConfigurationIsVisible = 0;
			defaultConfigurationName = Release;
		};
/* End XCConfigurationList section */
	};
	rootObject = FA6F979720CA7B030011F5DD /* Project object */;
}
